// !$*UTF8*$!
{
	archiveVersion = 1;
	classes = {
	};
	objectVersion = 55;
	objects = {

/* Begin PBXBuildFile section */
		0EA180CA28E467D000489C3A /* String+Extension.swift in Sources */ = {isa = PBXBuildFile; fileRef = 0EA180C928E467D000489C3A /* String+Extension.swift */; };
		0EA180CE28E589FA00489C3A /* headerRoundView.swift in Sources */ = {isa = PBXBuildFile; fileRef = 0EA180CD28E589FA00489C3A /* headerRoundView.swift */; };
		0EA180D128E58F4E00489C3A /* SettingViewController.swift in Sources */ = {isa = PBXBuildFile; fileRef = 0EA180D028E58F4E00489C3A /* SettingViewController.swift */; };
		0EA180D328E5C03E00489C3A /* UIAlertController+Extension.swift in Sources */ = {isa = PBXBuildFile; fileRef = 0EA180D228E5C03E00489C3A /* UIAlertController+Extension.swift */; };
		0EA180D628E5C24600489C3A /* SettingViewModel.swift in Sources */ = {isa = PBXBuildFile; fileRef = 0EA180D528E5C24600489C3A /* SettingViewModel.swift */; };
		0EB22BDC28D58F4300E745E5 /* OnBoardingCollectionView.swift in Sources */ = {isa = PBXBuildFile; fileRef = 0EB22BDB28D58F4300E745E5 /* OnBoardingCollectionView.swift */; };
		0EB22BDE28D5A7D700E745E5 /* OnBoardingViewModel.swift in Sources */ = {isa = PBXBuildFile; fileRef = 0EB22BDD28D5A7D700E745E5 /* OnBoardingViewModel.swift */; };
		0EB22BE128D9B14400E745E5 /* PolicyType.swift in Sources */ = {isa = PBXBuildFile; fileRef = 0EB22BE028D9B14400E745E5 /* PolicyType.swift */; };
		0EB22BE328D9B15E00E745E5 /* Region.swift in Sources */ = {isa = PBXBuildFile; fileRef = 0EB22BE228D9B15E00E745E5 /* Region.swift */; };
		0EB22BE528D9B17B00E745E5 /* MyInfo.swift in Sources */ = {isa = PBXBuildFile; fileRef = 0EB22BE428D9B17B00E745E5 /* MyInfo.swift */; };
		0EB22BE728D9B1E000E745E5 /* OnBoardingQuestionType.swift in Sources */ = {isa = PBXBuildFile; fileRef = 0EB22BE628D9B1E000E745E5 /* OnBoardingQuestionType.swift */; };
		0EB22BEA28D9B29100E745E5 /* OnBoardingCollectionCell.swift in Sources */ = {isa = PBXBuildFile; fileRef = 0EB22BE928D9B29100E745E5 /* OnBoardingCollectionCell.swift */; };
		0EB22BED28DAEC9D00E745E5 /* TagFlowLayout.swift in Sources */ = {isa = PBXBuildFile; fileRef = 0EB22BEC28DAEC9D00E745E5 /* TagFlowLayout.swift */; };
		0EB22BEF28DAECBA00E745E5 /* OnBoardingCollectionViewHeaderView.swift in Sources */ = {isa = PBXBuildFile; fileRef = 0EB22BEE28DAECBA00E745E5 /* OnBoardingCollectionViewHeaderView.swift */; };
		0EB22BF128DAFE6D00E745E5 /* OnBoardingCollectionViewModel.swift in Sources */ = {isa = PBXBuildFile; fileRef = 0EB22BF028DAFE6D00E745E5 /* OnBoardingCollectionViewModel.swift */; };
		0EB22BF328DB002A00E745E5 /* OnBoardingTextFieldViewViewModel.swift in Sources */ = {isa = PBXBuildFile; fileRef = 0EB22BF228DB002A00E745E5 /* OnBoardingTextFieldViewViewModel.swift */; };
		0EB22BF528DB1DA300E745E5 /* RouterManager.swift in Sources */ = {isa = PBXBuildFile; fileRef = 0EB22BF428DB1DA300E745E5 /* RouterManager.swift */; };
		0EB22BFA28DD430F00E745E5 /* RealmService.swift in Sources */ = {isa = PBXBuildFile; fileRef = 0EB22BF928DD430F00E745E5 /* RealmService.swift */; };
		0EB22BFD28DD437F00E745E5 /* Realm in Frameworks */ = {isa = PBXBuildFile; productRef = 0EB22BFC28DD437F00E745E5 /* Realm */; };
		0EB22BFF28DD437F00E745E5 /* RealmSwift in Frameworks */ = {isa = PBXBuildFile; productRef = 0EB22BFE28DD437F00E745E5 /* RealmSwift */; };
		0EB22C0328DEE3DB00E745E5 /* PolicyTableViewViewCell.swift in Sources */ = {isa = PBXBuildFile; fileRef = 0EB22C0228DEE3DB00E745E5 /* PolicyTableViewViewCell.swift */; };
		0EB22C0928DEF41900E745E5 /* esamanru OTF Medium.otf in Resources */ = {isa = PBXBuildFile; fileRef = 0EB22C0628DEF41900E745E5 /* esamanru OTF Medium.otf */; };
		0EB22C0A28DEF41900E745E5 /* esamanru OTF Bold.otf in Resources */ = {isa = PBXBuildFile; fileRef = 0EB22C0728DEF41900E745E5 /* esamanru OTF Bold.otf */; };
		0EB22C0B28DEF41900E745E5 /* esamanru OTF Light.otf in Resources */ = {isa = PBXBuildFile; fileRef = 0EB22C0828DEF41900E745E5 /* esamanru OTF Light.otf */; };
		0EB22C4928E1734D00E745E5 /* PolicySupportScetionHeaderView.swift in Sources */ = {isa = PBXBuildFile; fileRef = 0EB22C4828E1734C00E745E5 /* PolicySupportScetionHeaderView.swift */; };
		0EB22C4B28E1736400E745E5 /* PolicySupportHeaderView.swift in Sources */ = {isa = PBXBuildFile; fileRef = 0EB22C4A28E1736400E745E5 /* PolicySupportHeaderView.swift */; };
		0EB22C4E28E17AA900E745E5 /* PolicySupportDetailViewController.swift in Sources */ = {isa = PBXBuildFile; fileRef = 0EB22C4D28E17AA900E745E5 /* PolicySupportDetailViewController.swift */; };
		0ECA2F5528E2BB0D0006D9AC /* HiddenPolicySupportViewController.swift in Sources */ = {isa = PBXBuildFile; fileRef = 0ECA2F5428E2BB0D0006D9AC /* HiddenPolicySupportViewController.swift */; };
		0ECA2F5728E2BB330006D9AC /* HiddenPolicySupportViewModel.swift in Sources */ = {isa = PBXBuildFile; fileRef = 0ECA2F5628E2BB330006D9AC /* HiddenPolicySupportViewModel.swift */; };
		0ECA2F5A28E2EB6D0006D9AC /* PolicySupportDetailContentView.swift in Sources */ = {isa = PBXBuildFile; fileRef = 0ECA2F5928E2EB6D0006D9AC /* PolicySupportDetailContentView.swift */; };
		0ECA2F5C28E2EB860006D9AC /* PolicySupportDetailPeriodView.swift in Sources */ = {isa = PBXBuildFile; fileRef = 0ECA2F5B28E2EB860006D9AC /* PolicySupportDetailPeriodView.swift */; };
		0ECA2F5E28E2EBAB0006D9AC /* PolicySupportDetailApllyQulificationView.swift in Sources */ = {isa = PBXBuildFile; fileRef = 0ECA2F5D28E2EBAB0006D9AC /* PolicySupportDetailApllyQulificationView.swift */; };
		0ECA2F6028E2EBCC0006D9AC /* PolicySupportDetailProcessView.swift in Sources */ = {isa = PBXBuildFile; fileRef = 0ECA2F5F28E2EBCC0006D9AC /* PolicySupportDetailProcessView.swift */; };
		0ECA2F6228E2EBE20006D9AC /* PolicySupportPeriodDetailView.swift in Sources */ = {isa = PBXBuildFile; fileRef = 0ECA2F6128E2EBE20006D9AC /* PolicySupportPeriodDetailView.swift */; };
		0EDE841F28CDAE28003B7191 /* AppDelegate.swift in Sources */ = {isa = PBXBuildFile; fileRef = 0EDE841E28CDAE28003B7191 /* AppDelegate.swift */; };
		0EDE842128CDAE28003B7191 /* SceneDelegate.swift in Sources */ = {isa = PBXBuildFile; fileRef = 0EDE842028CDAE28003B7191 /* SceneDelegate.swift */; };
		0EDE842828CDAE2A003B7191 /* Assets.xcassets in Resources */ = {isa = PBXBuildFile; fileRef = 0EDE842728CDAE2A003B7191 /* Assets.xcassets */; };
		0EDE842B28CDAE2A003B7191 /* LaunchScreen.storyboard in Resources */ = {isa = PBXBuildFile; fileRef = 0EDE842928CDAE2A003B7191 /* LaunchScreen.storyboard */; };
		0EDE843628CDAE2B003B7191 /* MIHYTests.swift in Sources */ = {isa = PBXBuildFile; fileRef = 0EDE843528CDAE2B003B7191 /* MIHYTests.swift */; };
		0EDE844028CDAE2B003B7191 /* MIHYUITests.swift in Sources */ = {isa = PBXBuildFile; fileRef = 0EDE843F28CDAE2B003B7191 /* MIHYUITests.swift */; };
		0EDE844228CDAE2B003B7191 /* MIHYUITestsLaunchTests.swift in Sources */ = {isa = PBXBuildFile; fileRef = 0EDE844128CDAE2B003B7191 /* MIHYUITestsLaunchTests.swift */; };
		0EDE845228CDAF35003B7191 /* PolicySupportViewController.swift in Sources */ = {isa = PBXBuildFile; fileRef = 0EDE845128CDAF35003B7191 /* PolicySupportViewController.swift */; };
		0EDE845428CDB0E8003B7191 /* Main.storyboard in Resources */ = {isa = PBXBuildFile; fileRef = 0EDE845328CDB0E8003B7191 /* Main.storyboard */; };
		0EDE846528CDB1AC003B7191 /* FileMangager+Extension.swift in Sources */ = {isa = PBXBuildFile; fileRef = 0EDE845728CDB1AC003B7191 /* FileMangager+Extension.swift */; };
		0EDE846628CDB1AC003B7191 /* Transition+Extension.swift in Sources */ = {isa = PBXBuildFile; fileRef = 0EDE845828CDB1AC003B7191 /* Transition+Extension.swift */; };
		0EDE846728CDB1AC003B7191 /* BaseViewController.swift in Sources */ = {isa = PBXBuildFile; fileRef = 0EDE845A28CDB1AC003B7191 /* BaseViewController.swift */; };
		0EDE846828CDB1AC003B7191 /* BaseTableViewCell.swift in Sources */ = {isa = PBXBuildFile; fileRef = 0EDE845B28CDB1AC003B7191 /* BaseTableViewCell.swift */; };
		0EDE846928CDB1AC003B7191 /* BaseCollectionViewCell.swift in Sources */ = {isa = PBXBuildFile; fileRef = 0EDE845C28CDB1AC003B7191 /* BaseCollectionViewCell.swift */; };
		0EDE846A28CDB1AC003B7191 /* BaseView.swift in Sources */ = {isa = PBXBuildFile; fileRef = 0EDE845D28CDB1AC003B7191 /* BaseView.swift */; };
		0EDE846C28CDB1AC003B7191 /* Theme.swift in Sources */ = {isa = PBXBuildFile; fileRef = 0EDE846028CDB1AC003B7191 /* Theme.swift */; };
		0EDE846D28CDB1AC003B7191 /* Font.swift in Sources */ = {isa = PBXBuildFile; fileRef = 0EDE846128CDB1AC003B7191 /* Font.swift */; };
		0EDE846E28CDB1AC003B7191 /* Color.swift in Sources */ = {isa = PBXBuildFile; fileRef = 0EDE846228CDB1AC003B7191 /* Color.swift */; };
		0EDE846F28CDB1AC003B7191 /* ReusableProtocol.swift in Sources */ = {isa = PBXBuildFile; fileRef = 0EDE846428CDB1AC003B7191 /* ReusableProtocol.swift */; };
		0EDE847228CDB20C003B7191 /* TabbarViewController.swift in Sources */ = {isa = PBXBuildFile; fileRef = 0EDE847128CDB20C003B7191 /* TabbarViewController.swift */; };
		0EDE847628CDB9E0003B7191 /* SpaceRentalViewController.swift in Sources */ = {isa = PBXBuildFile; fileRef = 0EDE847528CDB9E0003B7191 /* SpaceRentalViewController.swift */; };
		0EDE847C28CDBB8B003B7191 /* .gitignore in Resources */ = {isa = PBXBuildFile; fileRef = 0EDE847B28CDBB8B003B7191 /* .gitignore */; };
		0EDE847F28CDBC3E003B7191 /* APIKey.swift in Sources */ = {isa = PBXBuildFile; fileRef = 0EDE847E28CDBC3E003B7191 /* APIKey.swift */; };
		0EDE848228CDBDC5003B7191 /* SWXMLHash in Frameworks */ = {isa = PBXBuildFile; productRef = 0EDE848128CDBDC5003B7191 /* SWXMLHash */; };
		0EDE848528CDBF1E003B7191 /* PolicyRouter.swift in Sources */ = {isa = PBXBuildFile; fileRef = 0EDE848428CDBF1E003B7191 /* PolicyRouter.swift */; };
		0EDE848828CDBFD1003B7191 /* Alamofire in Frameworks */ = {isa = PBXBuildFile; productRef = 0EDE848728CDBFD1003B7191 /* Alamofire */; };
		0EDE848B28CDC7C5003B7191 /* PolicyRepository.swift in Sources */ = {isa = PBXBuildFile; fileRef = 0EDE848A28CDC7C5003B7191 /* PolicyRepository.swift */; };
		0EDE848E28CDCC0B003B7191 /* PolicySupportViewModel.swift in Sources */ = {isa = PBXBuildFile; fileRef = 0EDE848D28CDCC0B003B7191 /* PolicySupportViewModel.swift */; };
		0EDE849028CDCC4E003B7191 /* Observable.swift in Sources */ = {isa = PBXBuildFile; fileRef = 0EDE848F28CDCC4E003B7191 /* Observable.swift */; };
		0EDE849428CDFA37003B7191 /* SnapKit in Frameworks */ = {isa = PBXBuildFile; productRef = 0EDE849328CDFA37003B7191 /* SnapKit */; };
		0EDE849728CE079D003B7191 /* PolicySupport.swift in Sources */ = {isa = PBXBuildFile; fileRef = 0EDE849628CE079D003B7191 /* PolicySupport.swift */; };
		0EDE849A28CE080D003B7191 /* RouterProtocol.swift in Sources */ = {isa = PBXBuildFile; fileRef = 0EDE849928CE080D003B7191 /* RouterProtocol.swift */; };
		0EDE849C28D067EA003B7191 /* User.swift in Sources */ = {isa = PBXBuildFile; fileRef = 0EDE849B28D067E9003B7191 /* User.swift */; };
		0EDE849F28D17DF2003B7191 /* OnBoardingViewController.swift in Sources */ = {isa = PBXBuildFile; fileRef = 0EDE849E28D17DF2003B7191 /* OnBoardingViewController.swift */; };
		0EDE84A428D1BE6F003B7191 /* OnBoardingTextFieldView.swift in Sources */ = {isa = PBXBuildFile; fileRef = 0EDE84A328D1BE6F003B7191 /* OnBoardingTextFieldView.swift */; };
		0EFFB99128EB2B1F009AED5D /* SkeletonView in Frameworks */ = {isa = PBXBuildFile; productRef = 0EFFB99028EB2B1F009AED5D /* SkeletonView */; };
/* End PBXBuildFile section */

/* Begin PBXContainerItemProxy section */
		0EDE843228CDAE2B003B7191 /* PBXContainerItemProxy */ = {
			isa = PBXContainerItemProxy;
			containerPortal = 0EDE841328CDAE27003B7191 /* Project object */;
			proxyType = 1;
			remoteGlobalIDString = 0EDE841A28CDAE27003B7191;
			remoteInfo = MIHY;
		};
		0EDE843C28CDAE2B003B7191 /* PBXContainerItemProxy */ = {
			isa = PBXContainerItemProxy;
			containerPortal = 0EDE841328CDAE27003B7191 /* Project object */;
			proxyType = 1;
			remoteGlobalIDString = 0EDE841A28CDAE27003B7191;
			remoteInfo = MIHY;
		};
/* End PBXContainerItemProxy section */

/* Begin PBXFileReference section */
		0EA180C928E467D000489C3A /* String+Extension.swift */ = {isa = PBXFileReference; lastKnownFileType = sourcecode.swift; path = "String+Extension.swift"; sourceTree = "<group>"; };
		0EA180CD28E589FA00489C3A /* headerRoundView.swift */ = {isa = PBXFileReference; lastKnownFileType = sourcecode.swift; path = headerRoundView.swift; sourceTree = "<group>"; };
		0EA180D028E58F4E00489C3A /* SettingViewController.swift */ = {isa = PBXFileReference; lastKnownFileType = sourcecode.swift; path = SettingViewController.swift; sourceTree = "<group>"; };
		0EA180D228E5C03E00489C3A /* UIAlertController+Extension.swift */ = {isa = PBXFileReference; lastKnownFileType = sourcecode.swift; path = "UIAlertController+Extension.swift"; sourceTree = "<group>"; };
		0EA180D528E5C24600489C3A /* SettingViewModel.swift */ = {isa = PBXFileReference; lastKnownFileType = sourcecode.swift; path = SettingViewModel.swift; sourceTree = "<group>"; };
		0EB22BDB28D58F4300E745E5 /* OnBoardingCollectionView.swift */ = {isa = PBXFileReference; lastKnownFileType = sourcecode.swift; path = OnBoardingCollectionView.swift; sourceTree = "<group>"; };
		0EB22BDD28D5A7D700E745E5 /* OnBoardingViewModel.swift */ = {isa = PBXFileReference; lastKnownFileType = sourcecode.swift; path = OnBoardingViewModel.swift; sourceTree = "<group>"; };
		0EB22BE028D9B14400E745E5 /* PolicyType.swift */ = {isa = PBXFileReference; lastKnownFileType = sourcecode.swift; path = PolicyType.swift; sourceTree = "<group>"; };
		0EB22BE228D9B15E00E745E5 /* Region.swift */ = {isa = PBXFileReference; lastKnownFileType = sourcecode.swift; path = Region.swift; sourceTree = "<group>"; };
		0EB22BE428D9B17B00E745E5 /* MyInfo.swift */ = {isa = PBXFileReference; lastKnownFileType = sourcecode.swift; path = MyInfo.swift; sourceTree = "<group>"; };
		0EB22BE628D9B1E000E745E5 /* OnBoardingQuestionType.swift */ = {isa = PBXFileReference; lastKnownFileType = sourcecode.swift; path = OnBoardingQuestionType.swift; sourceTree = "<group>"; };
		0EB22BE928D9B29100E745E5 /* OnBoardingCollectionCell.swift */ = {isa = PBXFileReference; lastKnownFileType = sourcecode.swift; path = OnBoardingCollectionCell.swift; sourceTree = "<group>"; };
		0EB22BEC28DAEC9D00E745E5 /* TagFlowLayout.swift */ = {isa = PBXFileReference; lastKnownFileType = sourcecode.swift; path = TagFlowLayout.swift; sourceTree = "<group>"; };
		0EB22BEE28DAECBA00E745E5 /* OnBoardingCollectionViewHeaderView.swift */ = {isa = PBXFileReference; lastKnownFileType = sourcecode.swift; path = OnBoardingCollectionViewHeaderView.swift; sourceTree = "<group>"; };
		0EB22BF028DAFE6D00E745E5 /* OnBoardingCollectionViewModel.swift */ = {isa = PBXFileReference; lastKnownFileType = sourcecode.swift; path = OnBoardingCollectionViewModel.swift; sourceTree = "<group>"; };
		0EB22BF228DB002A00E745E5 /* OnBoardingTextFieldViewViewModel.swift */ = {isa = PBXFileReference; lastKnownFileType = sourcecode.swift; path = OnBoardingTextFieldViewViewModel.swift; sourceTree = "<group>"; };
		0EB22BF428DB1DA300E745E5 /* RouterManager.swift */ = {isa = PBXFileReference; lastKnownFileType = sourcecode.swift; path = RouterManager.swift; sourceTree = "<group>"; };
		0EB22BF928DD430F00E745E5 /* RealmService.swift */ = {isa = PBXFileReference; lastKnownFileType = sourcecode.swift; path = RealmService.swift; sourceTree = "<group>"; };
		0EB22C0228DEE3DB00E745E5 /* PolicyTableViewViewCell.swift */ = {isa = PBXFileReference; lastKnownFileType = sourcecode.swift; path = PolicyTableViewViewCell.swift; sourceTree = "<group>"; };
		0EB22C0628DEF41900E745E5 /* esamanru OTF Medium.otf */ = {isa = PBXFileReference; lastKnownFileType = file; path = "esamanru OTF Medium.otf"; sourceTree = "<group>"; };
		0EB22C0728DEF41900E745E5 /* esamanru OTF Bold.otf */ = {isa = PBXFileReference; lastKnownFileType = file; path = "esamanru OTF Bold.otf"; sourceTree = "<group>"; };
		0EB22C0828DEF41900E745E5 /* esamanru OTF Light.otf */ = {isa = PBXFileReference; lastKnownFileType = file; path = "esamanru OTF Light.otf"; sourceTree = "<group>"; };
		0EB22C4828E1734C00E745E5 /* PolicySupportScetionHeaderView.swift */ = {isa = PBXFileReference; lastKnownFileType = sourcecode.swift; path = PolicySupportScetionHeaderView.swift; sourceTree = "<group>"; };
		0EB22C4A28E1736400E745E5 /* PolicySupportHeaderView.swift */ = {isa = PBXFileReference; lastKnownFileType = sourcecode.swift; path = PolicySupportHeaderView.swift; sourceTree = "<group>"; };
		0EB22C4D28E17AA900E745E5 /* PolicySupportDetailViewController.swift */ = {isa = PBXFileReference; lastKnownFileType = sourcecode.swift; path = PolicySupportDetailViewController.swift; sourceTree = "<group>"; };
		0ECA2F5428E2BB0D0006D9AC /* HiddenPolicySupportViewController.swift */ = {isa = PBXFileReference; lastKnownFileType = sourcecode.swift; path = HiddenPolicySupportViewController.swift; sourceTree = "<group>"; };
		0ECA2F5628E2BB330006D9AC /* HiddenPolicySupportViewModel.swift */ = {isa = PBXFileReference; lastKnownFileType = sourcecode.swift; path = HiddenPolicySupportViewModel.swift; sourceTree = "<group>"; };
		0ECA2F5928E2EB6D0006D9AC /* PolicySupportDetailContentView.swift */ = {isa = PBXFileReference; lastKnownFileType = sourcecode.swift; path = PolicySupportDetailContentView.swift; sourceTree = "<group>"; };
		0ECA2F5B28E2EB860006D9AC /* PolicySupportDetailPeriodView.swift */ = {isa = PBXFileReference; lastKnownFileType = sourcecode.swift; path = PolicySupportDetailPeriodView.swift; sourceTree = "<group>"; };
		0ECA2F5D28E2EBAB0006D9AC /* PolicySupportDetailApllyQulificationView.swift */ = {isa = PBXFileReference; lastKnownFileType = sourcecode.swift; path = PolicySupportDetailApllyQulificationView.swift; sourceTree = "<group>"; };
		0ECA2F5F28E2EBCC0006D9AC /* PolicySupportDetailProcessView.swift */ = {isa = PBXFileReference; lastKnownFileType = sourcecode.swift; path = PolicySupportDetailProcessView.swift; sourceTree = "<group>"; };
		0ECA2F6128E2EBE20006D9AC /* PolicySupportPeriodDetailView.swift */ = {isa = PBXFileReference; lastKnownFileType = sourcecode.swift; path = PolicySupportPeriodDetailView.swift; sourceTree = "<group>"; };
		0EDE841B28CDAE27003B7191 /* MIHY.app */ = {isa = PBXFileReference; explicitFileType = wrapper.application; includeInIndex = 0; path = MIHY.app; sourceTree = BUILT_PRODUCTS_DIR; };
		0EDE841E28CDAE28003B7191 /* AppDelegate.swift */ = {isa = PBXFileReference; lastKnownFileType = sourcecode.swift; path = AppDelegate.swift; sourceTree = "<group>"; };
		0EDE842028CDAE28003B7191 /* SceneDelegate.swift */ = {isa = PBXFileReference; lastKnownFileType = sourcecode.swift; path = SceneDelegate.swift; sourceTree = "<group>"; };
		0EDE842728CDAE2A003B7191 /* Assets.xcassets */ = {isa = PBXFileReference; lastKnownFileType = folder.assetcatalog; path = Assets.xcassets; sourceTree = "<group>"; };
		0EDE842A28CDAE2A003B7191 /* Base */ = {isa = PBXFileReference; lastKnownFileType = file.storyboard; name = Base; path = Base.lproj/LaunchScreen.storyboard; sourceTree = "<group>"; };
		0EDE842C28CDAE2A003B7191 /* Info.plist */ = {isa = PBXFileReference; lastKnownFileType = text.plist.xml; path = Info.plist; sourceTree = "<group>"; };
		0EDE843128CDAE2B003B7191 /* MIHYTests.xctest */ = {isa = PBXFileReference; explicitFileType = wrapper.cfbundle; includeInIndex = 0; path = MIHYTests.xctest; sourceTree = BUILT_PRODUCTS_DIR; };
		0EDE843528CDAE2B003B7191 /* MIHYTests.swift */ = {isa = PBXFileReference; lastKnownFileType = sourcecode.swift; path = MIHYTests.swift; sourceTree = "<group>"; };
		0EDE843B28CDAE2B003B7191 /* MIHYUITests.xctest */ = {isa = PBXFileReference; explicitFileType = wrapper.cfbundle; includeInIndex = 0; path = MIHYUITests.xctest; sourceTree = BUILT_PRODUCTS_DIR; };
		0EDE843F28CDAE2B003B7191 /* MIHYUITests.swift */ = {isa = PBXFileReference; lastKnownFileType = sourcecode.swift; path = MIHYUITests.swift; sourceTree = "<group>"; };
		0EDE844128CDAE2B003B7191 /* MIHYUITestsLaunchTests.swift */ = {isa = PBXFileReference; lastKnownFileType = sourcecode.swift; path = MIHYUITestsLaunchTests.swift; sourceTree = "<group>"; };
		0EDE845128CDAF35003B7191 /* PolicySupportViewController.swift */ = {isa = PBXFileReference; lastKnownFileType = sourcecode.swift; path = PolicySupportViewController.swift; sourceTree = "<group>"; };
		0EDE845328CDB0E8003B7191 /* Main.storyboard */ = {isa = PBXFileReference; lastKnownFileType = file.storyboard; path = Main.storyboard; sourceTree = "<group>"; };
		0EDE845728CDB1AC003B7191 /* FileMangager+Extension.swift */ = {isa = PBXFileReference; fileEncoding = 4; lastKnownFileType = sourcecode.swift; path = "FileMangager+Extension.swift"; sourceTree = "<group>"; };
		0EDE845828CDB1AC003B7191 /* Transition+Extension.swift */ = {isa = PBXFileReference; fileEncoding = 4; lastKnownFileType = sourcecode.swift; path = "Transition+Extension.swift"; sourceTree = "<group>"; };
		0EDE845A28CDB1AC003B7191 /* BaseViewController.swift */ = {isa = PBXFileReference; fileEncoding = 4; lastKnownFileType = sourcecode.swift; path = BaseViewController.swift; sourceTree = "<group>"; };
		0EDE845B28CDB1AC003B7191 /* BaseTableViewCell.swift */ = {isa = PBXFileReference; fileEncoding = 4; lastKnownFileType = sourcecode.swift; path = BaseTableViewCell.swift; sourceTree = "<group>"; };
		0EDE845C28CDB1AC003B7191 /* BaseCollectionViewCell.swift */ = {isa = PBXFileReference; fileEncoding = 4; lastKnownFileType = sourcecode.swift; path = BaseCollectionViewCell.swift; sourceTree = "<group>"; };
		0EDE845D28CDB1AC003B7191 /* BaseView.swift */ = {isa = PBXFileReference; fileEncoding = 4; lastKnownFileType = sourcecode.swift; path = BaseView.swift; sourceTree = "<group>"; };
		0EDE846028CDB1AC003B7191 /* Theme.swift */ = {isa = PBXFileReference; fileEncoding = 4; lastKnownFileType = sourcecode.swift; path = Theme.swift; sourceTree = "<group>"; };
		0EDE846128CDB1AC003B7191 /* Font.swift */ = {isa = PBXFileReference; fileEncoding = 4; lastKnownFileType = sourcecode.swift; path = Font.swift; sourceTree = "<group>"; };
		0EDE846228CDB1AC003B7191 /* Color.swift */ = {isa = PBXFileReference; fileEncoding = 4; lastKnownFileType = sourcecode.swift; path = Color.swift; sourceTree = "<group>"; };
		0EDE846428CDB1AC003B7191 /* ReusableProtocol.swift */ = {isa = PBXFileReference; fileEncoding = 4; lastKnownFileType = sourcecode.swift; path = ReusableProtocol.swift; sourceTree = "<group>"; };
		0EDE847128CDB20C003B7191 /* TabbarViewController.swift */ = {isa = PBXFileReference; lastKnownFileType = sourcecode.swift; path = TabbarViewController.swift; sourceTree = "<group>"; };
		0EDE847528CDB9E0003B7191 /* SpaceRentalViewController.swift */ = {isa = PBXFileReference; lastKnownFileType = sourcecode.swift; path = SpaceRentalViewController.swift; sourceTree = "<group>"; };
		0EDE847B28CDBB8B003B7191 /* .gitignore */ = {isa = PBXFileReference; lastKnownFileType = text; path = .gitignore; sourceTree = "<group>"; };
		0EDE847E28CDBC3E003B7191 /* APIKey.swift */ = {isa = PBXFileReference; lastKnownFileType = sourcecode.swift; path = APIKey.swift; sourceTree = "<group>"; };
		0EDE848428CDBF1E003B7191 /* PolicyRouter.swift */ = {isa = PBXFileReference; lastKnownFileType = sourcecode.swift; path = PolicyRouter.swift; sourceTree = "<group>"; };
		0EDE848A28CDC7C5003B7191 /* PolicyRepository.swift */ = {isa = PBXFileReference; lastKnownFileType = sourcecode.swift; path = PolicyRepository.swift; sourceTree = "<group>"; };
		0EDE848D28CDCC0B003B7191 /* PolicySupportViewModel.swift */ = {isa = PBXFileReference; lastKnownFileType = sourcecode.swift; path = PolicySupportViewModel.swift; sourceTree = "<group>"; };
		0EDE848F28CDCC4E003B7191 /* Observable.swift */ = {isa = PBXFileReference; lastKnownFileType = sourcecode.swift; path = Observable.swift; sourceTree = "<group>"; };
		0EDE849628CE079D003B7191 /* PolicySupport.swift */ = {isa = PBXFileReference; lastKnownFileType = sourcecode.swift; path = PolicySupport.swift; sourceTree = "<group>"; };
		0EDE849928CE080D003B7191 /* RouterProtocol.swift */ = {isa = PBXFileReference; lastKnownFileType = sourcecode.swift; path = RouterProtocol.swift; sourceTree = "<group>"; };
		0EDE849B28D067E9003B7191 /* User.swift */ = {isa = PBXFileReference; lastKnownFileType = sourcecode.swift; path = User.swift; sourceTree = "<group>"; };
		0EDE849E28D17DF2003B7191 /* OnBoardingViewController.swift */ = {isa = PBXFileReference; lastKnownFileType = sourcecode.swift; path = OnBoardingViewController.swift; sourceTree = "<group>"; };
		0EDE84A328D1BE6F003B7191 /* OnBoardingTextFieldView.swift */ = {isa = PBXFileReference; lastKnownFileType = sourcecode.swift; path = OnBoardingTextFieldView.swift; sourceTree = "<group>"; };
/* End PBXFileReference section */

/* Begin PBXFrameworksBuildPhase section */
		0EDE841828CDAE27003B7191 /* Frameworks */ = {
			isa = PBXFrameworksBuildPhase;
			buildActionMask = 2147483647;
			files = (
				0EDE849428CDFA37003B7191 /* SnapKit in Frameworks */,
				0EDE848228CDBDC5003B7191 /* SWXMLHash in Frameworks */,
				0EB22BFD28DD437F00E745E5 /* Realm in Frameworks */,
				0EB22BFF28DD437F00E745E5 /* RealmSwift in Frameworks */,
				0EFFB99128EB2B1F009AED5D /* SkeletonView in Frameworks */,
				0EDE848828CDBFD1003B7191 /* Alamofire in Frameworks */,
			);
			runOnlyForDeploymentPostprocessing = 0;
		};
		0EDE842E28CDAE2B003B7191 /* Frameworks */ = {
			isa = PBXFrameworksBuildPhase;
			buildActionMask = 2147483647;
			files = (
			);
			runOnlyForDeploymentPostprocessing = 0;
		};
		0EDE843828CDAE2B003B7191 /* Frameworks */ = {
			isa = PBXFrameworksBuildPhase;
			buildActionMask = 2147483647;
			files = (
			);
			runOnlyForDeploymentPostprocessing = 0;
		};
/* End PBXFrameworksBuildPhase section */

/* Begin PBXGroup section */
		0EA180C828E467C000489C3A /* Extension */ = {
			isa = PBXGroup;
			children = (
				0EA180C928E467D000489C3A /* String+Extension.swift */,
				0EA180D228E5C03E00489C3A /* UIAlertController+Extension.swift */,
			);
			path = Extension;
			sourceTree = "<group>";
		};
		0EA180CB28E589E000489C3A /* OnBoarding */ = {
			isa = PBXGroup;
			children = (
				0EDE84A328D1BE6F003B7191 /* OnBoardingTextFieldView.swift */,
				0EB22BDB28D58F4300E745E5 /* OnBoardingCollectionView.swift */,
			);
			path = OnBoarding;
			sourceTree = "<group>";
		};
		0EA180CC28E589EB00489C3A /* PolicySupport */ = {
			isa = PBXGroup;
			children = (
				0EA180CD28E589FA00489C3A /* headerRoundView.swift */,
			);
			path = PolicySupport;
			sourceTree = "<group>";
		};
		0EA180CF28E58F3200489C3A /* Setting */ = {
			isa = PBXGroup;
			children = (
				0EA180D028E58F4E00489C3A /* SettingViewController.swift */,
			);
			path = Setting;
			sourceTree = "<group>";
		};
		0EA180D428E5C23F00489C3A /* Setting */ = {
			isa = PBXGroup;
			children = (
				0EA180D528E5C24600489C3A /* SettingViewModel.swift */,
			);
			path = Setting;
			sourceTree = "<group>";
		};
		0EB22BDF28D9B12500E745E5 /* Enum */ = {
			isa = PBXGroup;
			children = (
				0EB22BE028D9B14400E745E5 /* PolicyType.swift */,
				0EB22BE228D9B15E00E745E5 /* Region.swift */,
				0EB22BE428D9B17B00E745E5 /* MyInfo.swift */,
				0EB22BE628D9B1E000E745E5 /* OnBoardingQuestionType.swift */,
			);
			path = Enum;
			sourceTree = "<group>";
		};
		0EB22BE828D9B25500E745E5 /* Cell */ = {
			isa = PBXGroup;
			children = (
				0EB22C0428DEE3F700E745E5 /* OnBoarding */,
				0EB22C0128DEE3CB00E745E5 /* Policy */,
			);
			path = Cell;
			sourceTree = "<group>";
		};
		0EB22BF628DB77DA00E745E5 /* OnBoarding */ = {
			isa = PBXGroup;
			children = (
				0EB22BDD28D5A7D700E745E5 /* OnBoardingViewModel.swift */,
				0EB22BF028DAFE6D00E745E5 /* OnBoardingCollectionViewModel.swift */,
				0EB22BF228DB002A00E745E5 /* OnBoardingTextFieldViewViewModel.swift */,
			);
			path = OnBoarding;
			sourceTree = "<group>";
		};
		0EB22BF728DB77F600E745E5 /* PolicySupport */ = {
			isa = PBXGroup;
			children = (
				0EDE848D28CDCC0B003B7191 /* PolicySupportViewModel.swift */,
				0ECA2F5628E2BB330006D9AC /* HiddenPolicySupportViewModel.swift */,
			);
			path = PolicySupport;
			sourceTree = "<group>";
		};
		0EB22BF828DD423000E745E5 /* Service */ = {
			isa = PBXGroup;
			children = (
				0EB22BF928DD430F00E745E5 /* RealmService.swift */,
			);
			path = Service;
			sourceTree = "<group>";
		};
		0EB22C0028DD90A700E745E5 /* Tabbar */ = {
			isa = PBXGroup;
			children = (
				0EDE847128CDB20C003B7191 /* TabbarViewController.swift */,
			);
			path = Tabbar;
			sourceTree = "<group>";
		};
		0EB22C0128DEE3CB00E745E5 /* Policy */ = {
			isa = PBXGroup;
			children = (
				0EB22C0228DEE3DB00E745E5 /* PolicyTableViewViewCell.swift */,
				0EB22C4828E1734C00E745E5 /* PolicySupportScetionHeaderView.swift */,
				0EB22C4A28E1736400E745E5 /* PolicySupportHeaderView.swift */,
			);
			path = Policy;
			sourceTree = "<group>";
		};
		0EB22C0428DEE3F700E745E5 /* OnBoarding */ = {
			isa = PBXGroup;
			children = (
				0EB22BE928D9B29100E745E5 /* OnBoardingCollectionCell.swift */,
				0EB22BEE28DAECBA00E745E5 /* OnBoardingCollectionViewHeaderView.swift */,
			);
			path = OnBoarding;
			sourceTree = "<group>";
		};
		0EB22C0528DEF3FE00E745E5 /* Font */ = {
			isa = PBXGroup;
			children = (
				0EB22C0728DEF41900E745E5 /* esamanru OTF Bold.otf */,
				0EB22C0828DEF41900E745E5 /* esamanru OTF Light.otf */,
				0EB22C0628DEF41900E745E5 /* esamanru OTF Medium.otf */,
			);
			path = Font;
			sourceTree = "<group>";
		};
		0EB22C4C28E17A8900E745E5 /* PolicySupportDetail */ = {
			isa = PBXGroup;
			children = (
				0EB22C4D28E17AA900E745E5 /* PolicySupportDetailViewController.swift */,
			);
			path = PolicySupportDetail;
			sourceTree = "<group>";
		};
		0ECA2F5828E2E72F0006D9AC /* PolicySupportDetail */ = {
			isa = PBXGroup;
			children = (
				0ECA2F5928E2EB6D0006D9AC /* PolicySupportDetailContentView.swift */,
				0ECA2F5B28E2EB860006D9AC /* PolicySupportDetailPeriodView.swift */,
				0ECA2F5D28E2EBAB0006D9AC /* PolicySupportDetailApllyQulificationView.swift */,
				0ECA2F5F28E2EBCC0006D9AC /* PolicySupportDetailProcessView.swift */,
				0ECA2F6128E2EBE20006D9AC /* PolicySupportPeriodDetailView.swift */,
			);
			path = PolicySupportDetail;
			sourceTree = "<group>";
		};
		0EDE841228CDAE27003B7191 = {
			isa = PBXGroup;
			children = (
				0EDE847B28CDBB8B003B7191 /* .gitignore */,
				0EDE841D28CDAE28003B7191 /* MIHY */,
				0EDE843428CDAE2B003B7191 /* MIHYTests */,
				0EDE843E28CDAE2B003B7191 /* MIHYUITests */,
				0EDE841C28CDAE27003B7191 /* Products */,
			);
			sourceTree = "<group>";
		};
		0EDE841C28CDAE27003B7191 /* Products */ = {
			isa = PBXGroup;
			children = (
				0EDE841B28CDAE27003B7191 /* MIHY.app */,
				0EDE843128CDAE2B003B7191 /* MIHYTests.xctest */,
				0EDE843B28CDAE2B003B7191 /* MIHYUITests.xctest */,
			);
			name = Products;
			sourceTree = "<group>";
		};
		0EDE841D28CDAE28003B7191 /* MIHY */ = {
			isa = PBXGroup;
			children = (
				0EDE844F28CDAE61003B7191 /* Resource */,
				0EDE844E28CDAE5B003B7191 /* Source */,
			);
			path = MIHY;
			sourceTree = "<group>";
		};
		0EDE843428CDAE2B003B7191 /* MIHYTests */ = {
			isa = PBXGroup;
			children = (
				0EDE843528CDAE2B003B7191 /* MIHYTests.swift */,
			);
			path = MIHYTests;
			sourceTree = "<group>";
		};
		0EDE843E28CDAE2B003B7191 /* MIHYUITests */ = {
			isa = PBXGroup;
			children = (
				0EDE843F28CDAE2B003B7191 /* MIHYUITests.swift */,
				0EDE844128CDAE2B003B7191 /* MIHYUITestsLaunchTests.swift */,
			);
			path = MIHYUITests;
			sourceTree = "<group>";
		};
		0EDE844E28CDAE5B003B7191 /* Source */ = {
			isa = PBXGroup;
			children = (
				0EDE848F28CDCC4E003B7191 /* Observable.swift */,
				0EDE845028CDAEFC003B7191 /* Present */,
				0EDE84A228D1BE53003B7191 /* View */,
				0EB22BE828D9B25500E745E5 /* Cell */,
				0EDE848C28CDCBF5003B7191 /* VIewModel */,
				0EDE849528CE0790003B7191 /* Model */,
				0EB22BDF28D9B12500E745E5 /* Enum */,
				0EB22BF828DD423000E745E5 /* Service */,
				0EDE848928CDC7B0003B7191 /* Repository */,
				0EDE848328CDBEF8003B7191 /* Router */,
				0EDE849128CDD1E7003B7191 /* Manager */,
				0EDE849828CE0802003B7191 /* Protocol */,
				0EA180C828E467C000489C3A /* Extension */,
				0EDE845528CDB1AC003B7191 /* Utility */,
			);
			path = Source;
			sourceTree = "<group>";
		};
		0EDE844F28CDAE61003B7191 /* Resource */ = {
			isa = PBXGroup;
			children = (
				0EB22C0528DEF3FE00E745E5 /* Font */,
				0EDE847D28CDBC0E003B7191 /* Key */,
				0EDE842728CDAE2A003B7191 /* Assets.xcassets */,
				0EDE847328CDB46C003B7191 /* StoryBoard */,
				0EDE841E28CDAE28003B7191 /* AppDelegate.swift */,
				0EDE842028CDAE28003B7191 /* SceneDelegate.swift */,
				0EDE842C28CDAE2A003B7191 /* Info.plist */,
			);
			path = Resource;
			sourceTree = "<group>";
		};
		0EDE845028CDAEFC003B7191 /* Present */ = {
			isa = PBXGroup;
			children = (
				0EB22C0028DD90A700E745E5 /* Tabbar */,
				0EDE849D28D17CF2003B7191 /* OnBoarding */,
				0EDE847028CDB1F0003B7191 /* PolicySupport */,
				0EB22C4C28E17A8900E745E5 /* PolicySupportDetail */,
				0EA180CF28E58F3200489C3A /* Setting */,
				0EDE847428CDB9BD003B7191 /* SpaceRental */,
			);
			path = Present;
			sourceTree = "<group>";
		};
		0EDE845528CDB1AC003B7191 /* Utility */ = {
			isa = PBXGroup;
			children = (
				0EDE845628CDB1AC003B7191 /* Extension */,
				0EDE845928CDB1AC003B7191 /* BaseView */,
				0EDE845E28CDB1AC003B7191 /* Constants */,
				0EDE846328CDB1AC003B7191 /* Protocol */,
			);
			path = Utility;
			sourceTree = "<group>";
		};
		0EDE845628CDB1AC003B7191 /* Extension */ = {
			isa = PBXGroup;
			children = (
				0EDE845728CDB1AC003B7191 /* FileMangager+Extension.swift */,
				0EDE845828CDB1AC003B7191 /* Transition+Extension.swift */,
			);
			path = Extension;
			sourceTree = "<group>";
		};
		0EDE845928CDB1AC003B7191 /* BaseView */ = {
			isa = PBXGroup;
			children = (
				0EDE845A28CDB1AC003B7191 /* BaseViewController.swift */,
				0EDE845B28CDB1AC003B7191 /* BaseTableViewCell.swift */,
				0EDE845C28CDB1AC003B7191 /* BaseCollectionViewCell.swift */,
				0EDE845D28CDB1AC003B7191 /* BaseView.swift */,
			);
			path = BaseView;
			sourceTree = "<group>";
		};
		0EDE845E28CDB1AC003B7191 /* Constants */ = {
			isa = PBXGroup;
			children = (
				0EDE846028CDB1AC003B7191 /* Theme.swift */,
				0EDE846128CDB1AC003B7191 /* Font.swift */,
				0EDE846228CDB1AC003B7191 /* Color.swift */,
			);
			path = Constants;
			sourceTree = "<group>";
		};
		0EDE846328CDB1AC003B7191 /* Protocol */ = {
			isa = PBXGroup;
			children = (
				0EDE846428CDB1AC003B7191 /* ReusableProtocol.swift */,
			);
			path = Protocol;
			sourceTree = "<group>";
		};
		0EDE847028CDB1F0003B7191 /* PolicySupport */ = {
			isa = PBXGroup;
			children = (
				0EDE845128CDAF35003B7191 /* PolicySupportViewController.swift */,
				0ECA2F5428E2BB0D0006D9AC /* HiddenPolicySupportViewController.swift */,
			);
			path = PolicySupport;
			sourceTree = "<group>";
		};
		0EDE847328CDB46C003B7191 /* StoryBoard */ = {
			isa = PBXGroup;
			children = (
				0EDE845328CDB0E8003B7191 /* Main.storyboard */,
				0EDE842928CDAE2A003B7191 /* LaunchScreen.storyboard */,
			);
			path = StoryBoard;
			sourceTree = "<group>";
		};
		0EDE847428CDB9BD003B7191 /* SpaceRental */ = {
			isa = PBXGroup;
			children = (
				0EDE847528CDB9E0003B7191 /* SpaceRentalViewController.swift */,
			);
			path = SpaceRental;
			sourceTree = "<group>";
		};
		0EDE847D28CDBC0E003B7191 /* Key */ = {
			isa = PBXGroup;
			children = (
				0EDE847E28CDBC3E003B7191 /* APIKey.swift */,
			);
			path = Key;
			sourceTree = "<group>";
		};
		0EDE848328CDBEF8003B7191 /* Router */ = {
			isa = PBXGroup;
			children = (
				0EDE848428CDBF1E003B7191 /* PolicyRouter.swift */,
			);
			path = Router;
			sourceTree = "<group>";
		};
		0EDE848928CDC7B0003B7191 /* Repository */ = {
			isa = PBXGroup;
			children = (
				0EDE848A28CDC7C5003B7191 /* PolicyRepository.swift */,
			);
			path = Repository;
			sourceTree = "<group>";
		};
		0EDE848C28CDCBF5003B7191 /* VIewModel */ = {
			isa = PBXGroup;
			children = (
				0EB22BF628DB77DA00E745E5 /* OnBoarding */,
				0EB22BF728DB77F600E745E5 /* PolicySupport */,
				0EA180D428E5C23F00489C3A /* Setting */,
			);
			path = VIewModel;
			sourceTree = "<group>";
		};
		0EDE849128CDD1E7003B7191 /* Manager */ = {
			isa = PBXGroup;
			children = (
				0EB22BF428DB1DA300E745E5 /* RouterManager.swift */,
			);
			path = Manager;
			sourceTree = "<group>";
		};
		0EDE849528CE0790003B7191 /* Model */ = {
			isa = PBXGroup;
			children = (
				0EDE849628CE079D003B7191 /* PolicySupport.swift */,
				0EDE849B28D067E9003B7191 /* User.swift */,
			);
			path = Model;
			sourceTree = "<group>";
		};
		0EDE849828CE0802003B7191 /* Protocol */ = {
			isa = PBXGroup;
			children = (
				0EDE849928CE080D003B7191 /* RouterProtocol.swift */,
			);
			path = Protocol;
			sourceTree = "<group>";
		};
		0EDE849D28D17CF2003B7191 /* OnBoarding */ = {
			isa = PBXGroup;
			children = (
				0EDE849E28D17DF2003B7191 /* OnBoardingViewController.swift */,
			);
			path = OnBoarding;
			sourceTree = "<group>";
		};
		0EDE84A228D1BE53003B7191 /* View */ = {
			isa = PBXGroup;
			children = (
				0EA180CB28E589E000489C3A /* OnBoarding */,
				0EA180CC28E589EB00489C3A /* PolicySupport */,
				0ECA2F5828E2E72F0006D9AC /* PolicySupportDetail */,
				0EB22BEC28DAEC9D00E745E5 /* TagFlowLayout.swift */,
			);
			path = View;
			sourceTree = "<group>";
		};
/* End PBXGroup section */

/* Begin PBXNativeTarget section */
		0EDE841A28CDAE27003B7191 /* MIHY */ = {
			isa = PBXNativeTarget;
			buildConfigurationList = 0EDE844528CDAE2B003B7191 /* Build configuration list for PBXNativeTarget "MIHY" */;
			buildPhases = (
				0EDE841728CDAE27003B7191 /* Sources */,
				0EDE841828CDAE27003B7191 /* Frameworks */,
				0EDE841928CDAE27003B7191 /* Resources */,
			);
			buildRules = (
			);
			dependencies = (
			);
			name = MIHY;
			packageProductDependencies = (
				0EDE848128CDBDC5003B7191 /* SWXMLHash */,
				0EDE848728CDBFD1003B7191 /* Alamofire */,
				0EDE849328CDFA37003B7191 /* SnapKit */,
				0EB22BFC28DD437F00E745E5 /* Realm */,
				0EB22BFE28DD437F00E745E5 /* RealmSwift */,
				0EFFB99028EB2B1F009AED5D /* SkeletonView */,
			);
			productName = MIHY;
			productReference = 0EDE841B28CDAE27003B7191 /* MIHY.app */;
			productType = "com.apple.product-type.application";
		};
		0EDE843028CDAE2B003B7191 /* MIHYTests */ = {
			isa = PBXNativeTarget;
			buildConfigurationList = 0EDE844828CDAE2B003B7191 /* Build configuration list for PBXNativeTarget "MIHYTests" */;
			buildPhases = (
				0EDE842D28CDAE2B003B7191 /* Sources */,
				0EDE842E28CDAE2B003B7191 /* Frameworks */,
				0EDE842F28CDAE2B003B7191 /* Resources */,
			);
			buildRules = (
			);
			dependencies = (
				0EDE843328CDAE2B003B7191 /* PBXTargetDependency */,
			);
			name = MIHYTests;
			productName = MIHYTests;
			productReference = 0EDE843128CDAE2B003B7191 /* MIHYTests.xctest */;
			productType = "com.apple.product-type.bundle.unit-test";
		};
		0EDE843A28CDAE2B003B7191 /* MIHYUITests */ = {
			isa = PBXNativeTarget;
			buildConfigurationList = 0EDE844B28CDAE2B003B7191 /* Build configuration list for PBXNativeTarget "MIHYUITests" */;
			buildPhases = (
				0EDE843728CDAE2B003B7191 /* Sources */,
				0EDE843828CDAE2B003B7191 /* Frameworks */,
				0EDE843928CDAE2B003B7191 /* Resources */,
			);
			buildRules = (
			);
			dependencies = (
				0EDE843D28CDAE2B003B7191 /* PBXTargetDependency */,
			);
			name = MIHYUITests;
			productName = MIHYUITests;
			productReference = 0EDE843B28CDAE2B003B7191 /* MIHYUITests.xctest */;
			productType = "com.apple.product-type.bundle.ui-testing";
		};
/* End PBXNativeTarget section */

/* Begin PBXProject section */
		0EDE841328CDAE27003B7191 /* Project object */ = {
			isa = PBXProject;
			attributes = {
				BuildIndependentTargetsInParallel = 1;
				LastSwiftUpdateCheck = 1340;
				LastUpgradeCheck = 1340;
				TargetAttributes = {
					0EDE841A28CDAE27003B7191 = {
						CreatedOnToolsVersion = 13.4.1;
					};
					0EDE843028CDAE2B003B7191 = {
						CreatedOnToolsVersion = 13.4.1;
						TestTargetID = 0EDE841A28CDAE27003B7191;
					};
					0EDE843A28CDAE2B003B7191 = {
						CreatedOnToolsVersion = 13.4.1;
						TestTargetID = 0EDE841A28CDAE27003B7191;
					};
				};
			};
			buildConfigurationList = 0EDE841628CDAE27003B7191 /* Build configuration list for PBXProject "MIHY" */;
			compatibilityVersion = "Xcode 13.0";
			developmentRegion = en;
			hasScannedForEncodings = 0;
			knownRegions = (
				en,
				Base,
			);
			mainGroup = 0EDE841228CDAE27003B7191;
			packageReferences = (
				0EDE848028CDBDC5003B7191 /* XCRemoteSwiftPackageReference "SWXMLHash" */,
				0EDE848628CDBFD1003B7191 /* XCRemoteSwiftPackageReference "Alamofire" */,
				0EDE849228CDFA37003B7191 /* XCRemoteSwiftPackageReference "SnapKit" */,
				0EB22BFB28DD437F00E745E5 /* XCRemoteSwiftPackageReference "realm-swift" */,
				0EFFB98F28EB2B1F009AED5D /* XCRemoteSwiftPackageReference "SkeletonView" */,
			);
			productRefGroup = 0EDE841C28CDAE27003B7191 /* Products */;
			projectDirPath = "";
			projectRoot = "";
			targets = (
				0EDE841A28CDAE27003B7191 /* MIHY */,
				0EDE843028CDAE2B003B7191 /* MIHYTests */,
				0EDE843A28CDAE2B003B7191 /* MIHYUITests */,
			);
		};
/* End PBXProject section */

/* Begin PBXResourcesBuildPhase section */
		0EDE841928CDAE27003B7191 /* Resources */ = {
			isa = PBXResourcesBuildPhase;
			buildActionMask = 2147483647;
			files = (
				0EB22C0B28DEF41900E745E5 /* esamanru OTF Light.otf in Resources */,
				0EB22C0928DEF41900E745E5 /* esamanru OTF Medium.otf in Resources */,
				0EDE847C28CDBB8B003B7191 /* .gitignore in Resources */,
				0EDE845428CDB0E8003B7191 /* Main.storyboard in Resources */,
				0EDE842B28CDAE2A003B7191 /* LaunchScreen.storyboard in Resources */,
				0EB22C0A28DEF41900E745E5 /* esamanru OTF Bold.otf in Resources */,
				0EDE842828CDAE2A003B7191 /* Assets.xcassets in Resources */,
			);
			runOnlyForDeploymentPostprocessing = 0;
		};
		0EDE842F28CDAE2B003B7191 /* Resources */ = {
			isa = PBXResourcesBuildPhase;
			buildActionMask = 2147483647;
			files = (
			);
			runOnlyForDeploymentPostprocessing = 0;
		};
		0EDE843928CDAE2B003B7191 /* Resources */ = {
			isa = PBXResourcesBuildPhase;
			buildActionMask = 2147483647;
			files = (
			);
			runOnlyForDeploymentPostprocessing = 0;
		};
/* End PBXResourcesBuildPhase section */

/* Begin PBXSourcesBuildPhase section */
		0EDE841728CDAE27003B7191 /* Sources */ = {
			isa = PBXSourcesBuildPhase;
			buildActionMask = 2147483647;
			files = (
				0EB22C0328DEE3DB00E745E5 /* PolicyTableViewViewCell.swift in Sources */,
				0EB22BDE28D5A7D700E745E5 /* OnBoardingViewModel.swift in Sources */,
				0EB22BEF28DAECBA00E745E5 /* OnBoardingCollectionViewHeaderView.swift in Sources */,
				0EA180D128E58F4E00489C3A /* SettingViewController.swift in Sources */,
				0EDE841F28CDAE28003B7191 /* AppDelegate.swift in Sources */,
				0EDE846928CDB1AC003B7191 /* BaseCollectionViewCell.swift in Sources */,
				0EDE846528CDB1AC003B7191 /* FileMangager+Extension.swift in Sources */,
				0EB22BF128DAFE6D00E745E5 /* OnBoardingCollectionViewModel.swift in Sources */,
				0EDE849F28D17DF2003B7191 /* OnBoardingViewController.swift in Sources */,
				0EA180CA28E467D000489C3A /* String+Extension.swift in Sources */,
				0EDE845228CDAF35003B7191 /* PolicySupportViewController.swift in Sources */,
				0EB22BF328DB002A00E745E5 /* OnBoardingTextFieldViewViewModel.swift in Sources */,
				0EDE848B28CDC7C5003B7191 /* PolicyRepository.swift in Sources */,
				0EDE848528CDBF1E003B7191 /* PolicyRouter.swift in Sources */,
				0ECA2F6228E2EBE20006D9AC /* PolicySupportPeriodDetailView.swift in Sources */,
				0EB22BEA28D9B29100E745E5 /* OnBoardingCollectionCell.swift in Sources */,
				0EB22BE728D9B1E000E745E5 /* OnBoardingQuestionType.swift in Sources */,
				0EDE84A428D1BE6F003B7191 /* OnBoardingTextFieldView.swift in Sources */,
				0EDE846E28CDB1AC003B7191 /* Color.swift in Sources */,
				0EDE849728CE079D003B7191 /* PolicySupport.swift in Sources */,
				0ECA2F5E28E2EBAB0006D9AC /* PolicySupportDetailApllyQulificationView.swift in Sources */,
				0EDE848E28CDCC0B003B7191 /* PolicySupportViewModel.swift in Sources */,
				0EA180D328E5C03E00489C3A /* UIAlertController+Extension.swift in Sources */,
				0EDE846C28CDB1AC003B7191 /* Theme.swift in Sources */,
				0EB22BE528D9B17B00E745E5 /* MyInfo.swift in Sources */,
				0EB22BE128D9B14400E745E5 /* PolicyType.swift in Sources */,
				0EB22C4928E1734D00E745E5 /* PolicySupportScetionHeaderView.swift in Sources */,
				0EB22BED28DAEC9D00E745E5 /* TagFlowLayout.swift in Sources */,
				0EDE849A28CE080D003B7191 /* RouterProtocol.swift in Sources */,
				0ECA2F5528E2BB0D0006D9AC /* HiddenPolicySupportViewController.swift in Sources */,
				0EDE842128CDAE28003B7191 /* SceneDelegate.swift in Sources */,
				0ECA2F5728E2BB330006D9AC /* HiddenPolicySupportViewModel.swift in Sources */,
				0EDE847228CDB20C003B7191 /* TabbarViewController.swift in Sources */,
				0EDE846F28CDB1AC003B7191 /* ReusableProtocol.swift in Sources */,
				0ECA2F5A28E2EB6D0006D9AC /* PolicySupportDetailContentView.swift in Sources */,
				0EDE846828CDB1AC003B7191 /* BaseTableViewCell.swift in Sources */,
				0EDE847628CDB9E0003B7191 /* SpaceRentalViewController.swift in Sources */,
				0EDE846D28CDB1AC003B7191 /* Font.swift in Sources */,
				0EDE846A28CDB1AC003B7191 /* BaseView.swift in Sources */,
				0EB22C4B28E1736400E745E5 /* PolicySupportHeaderView.swift in Sources */,
				0EDE849028CDCC4E003B7191 /* Observable.swift in Sources */,
				0EDE846628CDB1AC003B7191 /* Transition+Extension.swift in Sources */,
				0EB22BE328D9B15E00E745E5 /* Region.swift in Sources */,
				0EA180D628E5C24600489C3A /* SettingViewModel.swift in Sources */,
				0ECA2F5C28E2EB860006D9AC /* PolicySupportDetailPeriodView.swift in Sources */,
				0EDE846728CDB1AC003B7191 /* BaseViewController.swift in Sources */,
				0ECA2F6028E2EBCC0006D9AC /* PolicySupportDetailProcessView.swift in Sources */,
				0EB22BFA28DD430F00E745E5 /* RealmService.swift in Sources */,
				0EDE847F28CDBC3E003B7191 /* APIKey.swift in Sources */,
				0EA180CE28E589FA00489C3A /* headerRoundView.swift in Sources */,
				0EDE849C28D067EA003B7191 /* User.swift in Sources */,
				0EB22C4E28E17AA900E745E5 /* PolicySupportDetailViewController.swift in Sources */,
				0EB22BF528DB1DA300E745E5 /* RouterManager.swift in Sources */,
				0EB22BDC28D58F4300E745E5 /* OnBoardingCollectionView.swift in Sources */,
			);
			runOnlyForDeploymentPostprocessing = 0;
		};
		0EDE842D28CDAE2B003B7191 /* Sources */ = {
			isa = PBXSourcesBuildPhase;
			buildActionMask = 2147483647;
			files = (
				0EDE843628CDAE2B003B7191 /* MIHYTests.swift in Sources */,
			);
			runOnlyForDeploymentPostprocessing = 0;
		};
		0EDE843728CDAE2B003B7191 /* Sources */ = {
			isa = PBXSourcesBuildPhase;
			buildActionMask = 2147483647;
			files = (
				0EDE844028CDAE2B003B7191 /* MIHYUITests.swift in Sources */,
				0EDE844228CDAE2B003B7191 /* MIHYUITestsLaunchTests.swift in Sources */,
			);
			runOnlyForDeploymentPostprocessing = 0;
		};
/* End PBXSourcesBuildPhase section */

/* Begin PBXTargetDependency section */
		0EDE843328CDAE2B003B7191 /* PBXTargetDependency */ = {
			isa = PBXTargetDependency;
			target = 0EDE841A28CDAE27003B7191 /* MIHY */;
			targetProxy = 0EDE843228CDAE2B003B7191 /* PBXContainerItemProxy */;
		};
		0EDE843D28CDAE2B003B7191 /* PBXTargetDependency */ = {
			isa = PBXTargetDependency;
			target = 0EDE841A28CDAE27003B7191 /* MIHY */;
			targetProxy = 0EDE843C28CDAE2B003B7191 /* PBXContainerItemProxy */;
		};
/* End PBXTargetDependency section */

/* Begin PBXVariantGroup section */
		0EDE842928CDAE2A003B7191 /* LaunchScreen.storyboard */ = {
			isa = PBXVariantGroup;
			children = (
				0EDE842A28CDAE2A003B7191 /* Base */,
			);
			name = LaunchScreen.storyboard;
			sourceTree = "<group>";
		};
/* End PBXVariantGroup section */

/* Begin XCBuildConfiguration section */
		0EDE844328CDAE2B003B7191 /* Debug */ = {
			isa = XCBuildConfiguration;
			buildSettings = {
				ALWAYS_SEARCH_USER_PATHS = NO;
				CLANG_ANALYZER_NONNULL = YES;
				CLANG_ANALYZER_NUMBER_OBJECT_CONVERSION = YES_AGGRESSIVE;
				CLANG_CXX_LANGUAGE_STANDARD = "gnu++17";
				CLANG_ENABLE_MODULES = YES;
				CLANG_ENABLE_OBJC_ARC = YES;
				CLANG_ENABLE_OBJC_WEAK = YES;
				CLANG_WARN_BLOCK_CAPTURE_AUTORELEASING = YES;
				CLANG_WARN_BOOL_CONVERSION = YES;
				CLANG_WARN_COMMA = YES;
				CLANG_WARN_CONSTANT_CONVERSION = YES;
				CLANG_WARN_DEPRECATED_OBJC_IMPLEMENTATIONS = YES;
				CLANG_WARN_DIRECT_OBJC_ISA_USAGE = YES_ERROR;
				CLANG_WARN_DOCUMENTATION_COMMENTS = YES;
				CLANG_WARN_EMPTY_BODY = YES;
				CLANG_WARN_ENUM_CONVERSION = YES;
				CLANG_WARN_INFINITE_RECURSION = YES;
				CLANG_WARN_INT_CONVERSION = YES;
				CLANG_WARN_NON_LITERAL_NULL_CONVERSION = YES;
				CLANG_WARN_OBJC_IMPLICIT_RETAIN_SELF = YES;
				CLANG_WARN_OBJC_LITERAL_CONVERSION = YES;
				CLANG_WARN_OBJC_ROOT_CLASS = YES_ERROR;
				CLANG_WARN_QUOTED_INCLUDE_IN_FRAMEWORK_HEADER = YES;
				CLANG_WARN_RANGE_LOOP_ANALYSIS = YES;
				CLANG_WARN_STRICT_PROTOTYPES = YES;
				CLANG_WARN_SUSPICIOUS_MOVE = YES;
				CLANG_WARN_UNGUARDED_AVAILABILITY = YES_AGGRESSIVE;
				CLANG_WARN_UNREACHABLE_CODE = YES;
				CLANG_WARN__DUPLICATE_METHOD_MATCH = YES;
				COPY_PHASE_STRIP = NO;
				DEBUG_INFORMATION_FORMAT = dwarf;
				ENABLE_STRICT_OBJC_MSGSEND = YES;
				ENABLE_TESTABILITY = YES;
				GCC_C_LANGUAGE_STANDARD = gnu11;
				GCC_DYNAMIC_NO_PIC = NO;
				GCC_NO_COMMON_BLOCKS = YES;
				GCC_OPTIMIZATION_LEVEL = 0;
				GCC_PREPROCESSOR_DEFINITIONS = (
					"DEBUG=1",
					"$(inherited)",
				);
				GCC_WARN_64_TO_32_BIT_CONVERSION = YES;
				GCC_WARN_ABOUT_RETURN_TYPE = YES_ERROR;
				GCC_WARN_UNDECLARED_SELECTOR = YES;
				GCC_WARN_UNINITIALIZED_AUTOS = YES_AGGRESSIVE;
				GCC_WARN_UNUSED_FUNCTION = YES;
				GCC_WARN_UNUSED_VARIABLE = YES;
				IPHONEOS_DEPLOYMENT_TARGET = 14.0;
				MTL_ENABLE_DEBUG_INFO = INCLUDE_SOURCE;
				MTL_FAST_MATH = YES;
				ONLY_ACTIVE_ARCH = YES;
				SDKROOT = iphoneos;
				SWIFT_ACTIVE_COMPILATION_CONDITIONS = DEBUG;
				SWIFT_OPTIMIZATION_LEVEL = "-Onone";
			};
			name = Debug;
		};
		0EDE844428CDAE2B003B7191 /* Release */ = {
			isa = XCBuildConfiguration;
			buildSettings = {
				ALWAYS_SEARCH_USER_PATHS = NO;
				CLANG_ANALYZER_NONNULL = YES;
				CLANG_ANALYZER_NUMBER_OBJECT_CONVERSION = YES_AGGRESSIVE;
				CLANG_CXX_LANGUAGE_STANDARD = "gnu++17";
				CLANG_ENABLE_MODULES = YES;
				CLANG_ENABLE_OBJC_ARC = YES;
				CLANG_ENABLE_OBJC_WEAK = YES;
				CLANG_WARN_BLOCK_CAPTURE_AUTORELEASING = YES;
				CLANG_WARN_BOOL_CONVERSION = YES;
				CLANG_WARN_COMMA = YES;
				CLANG_WARN_CONSTANT_CONVERSION = YES;
				CLANG_WARN_DEPRECATED_OBJC_IMPLEMENTATIONS = YES;
				CLANG_WARN_DIRECT_OBJC_ISA_USAGE = YES_ERROR;
				CLANG_WARN_DOCUMENTATION_COMMENTS = YES;
				CLANG_WARN_EMPTY_BODY = YES;
				CLANG_WARN_ENUM_CONVERSION = YES;
				CLANG_WARN_INFINITE_RECURSION = YES;
				CLANG_WARN_INT_CONVERSION = YES;
				CLANG_WARN_NON_LITERAL_NULL_CONVERSION = YES;
				CLANG_WARN_OBJC_IMPLICIT_RETAIN_SELF = YES;
				CLANG_WARN_OBJC_LITERAL_CONVERSION = YES;
				CLANG_WARN_OBJC_ROOT_CLASS = YES_ERROR;
				CLANG_WARN_QUOTED_INCLUDE_IN_FRAMEWORK_HEADER = YES;
				CLANG_WARN_RANGE_LOOP_ANALYSIS = YES;
				CLANG_WARN_STRICT_PROTOTYPES = YES;
				CLANG_WARN_SUSPICIOUS_MOVE = YES;
				CLANG_WARN_UNGUARDED_AVAILABILITY = YES_AGGRESSIVE;
				CLANG_WARN_UNREACHABLE_CODE = YES;
				CLANG_WARN__DUPLICATE_METHOD_MATCH = YES;
				COPY_PHASE_STRIP = NO;
				DEBUG_INFORMATION_FORMAT = "dwarf-with-dsym";
				ENABLE_NS_ASSERTIONS = NO;
				ENABLE_STRICT_OBJC_MSGSEND = YES;
				GCC_C_LANGUAGE_STANDARD = gnu11;
				GCC_NO_COMMON_BLOCKS = YES;
				GCC_WARN_64_TO_32_BIT_CONVERSION = YES;
				GCC_WARN_ABOUT_RETURN_TYPE = YES_ERROR;
				GCC_WARN_UNDECLARED_SELECTOR = YES;
				GCC_WARN_UNINITIALIZED_AUTOS = YES_AGGRESSIVE;
				GCC_WARN_UNUSED_FUNCTION = YES;
				GCC_WARN_UNUSED_VARIABLE = YES;
				IPHONEOS_DEPLOYMENT_TARGET = 14.0;
				MTL_ENABLE_DEBUG_INFO = NO;
				MTL_FAST_MATH = YES;
				SDKROOT = iphoneos;
				SWIFT_COMPILATION_MODE = wholemodule;
				SWIFT_OPTIMIZATION_LEVEL = "-O";
				VALIDATE_PRODUCT = YES;
			};
			name = Release;
		};
		0EDE844628CDAE2B003B7191 /* Debug */ = {
			isa = XCBuildConfiguration;
			buildSettings = {
				ASSETCATALOG_COMPILER_APPICON_NAME = AppIcon;
				ASSETCATALOG_COMPILER_GLOBAL_ACCENT_COLOR_NAME = AccentColor;
				CODE_SIGN_STYLE = Automatic;
				CURRENT_PROJECT_VERSION = 2;
				DEVELOPMENT_TEAM = 966AMBK56G;
				GENERATE_INFOPLIST_FILE = YES;
				INFOPLIST_FILE = MIHY/Resource/Info.plist;
				INFOPLIST_KEY_CFBundleDisplayName = "MIHY?";
				INFOPLIST_KEY_UIApplicationSupportsIndirectInputEvents = YES;
				INFOPLIST_KEY_UILaunchStoryboardName = LaunchScreen;
				INFOPLIST_KEY_UIMainStoryboardFile = Main;
				INFOPLIST_KEY_UISupportedInterfaceOrientations_iPad = "UIInterfaceOrientationPortrait UIInterfaceOrientationPortraitUpsideDown UIInterfaceOrientationLandscapeLeft UIInterfaceOrientationLandscapeRight";
				INFOPLIST_KEY_UISupportedInterfaceOrientations_iPhone = UIInterfaceOrientationPortrait;
				LD_RUNPATH_SEARCH_PATHS = (
					"$(inherited)",
					"@executable_path/Frameworks",
				);
				MARKETING_VERSION = 1.0;
				PRODUCT_BUNDLE_IDENTIFIER = com.hwanghooo.MIHY;
				PRODUCT_NAME = "$(TARGET_NAME)";
				SWIFT_EMIT_LOC_STRINGS = YES;
				SWIFT_VERSION = 5.0;
				TARGETED_DEVICE_FAMILY = 1;
			};
			name = Debug;
		};
		0EDE844728CDAE2B003B7191 /* Release */ = {
			isa = XCBuildConfiguration;
			buildSettings = {
				ASSETCATALOG_COMPILER_APPICON_NAME = AppIcon;
				ASSETCATALOG_COMPILER_GLOBAL_ACCENT_COLOR_NAME = AccentColor;
				CODE_SIGN_STYLE = Automatic;
				CURRENT_PROJECT_VERSION = 2;
				DEVELOPMENT_TEAM = 966AMBK56G;
				GENERATE_INFOPLIST_FILE = YES;
				INFOPLIST_FILE = MIHY/Resource/Info.plist;
				INFOPLIST_KEY_CFBundleDisplayName = "MIHY?";
				INFOPLIST_KEY_UIApplicationSupportsIndirectInputEvents = YES;
				INFOPLIST_KEY_UILaunchStoryboardName = LaunchScreen;
				INFOPLIST_KEY_UIMainStoryboardFile = Main;
				INFOPLIST_KEY_UISupportedInterfaceOrientations_iPad = "UIInterfaceOrientationPortrait UIInterfaceOrientationPortraitUpsideDown UIInterfaceOrientationLandscapeLeft UIInterfaceOrientationLandscapeRight";
				INFOPLIST_KEY_UISupportedInterfaceOrientations_iPhone = UIInterfaceOrientationPortrait;
				LD_RUNPATH_SEARCH_PATHS = (
					"$(inherited)",
					"@executable_path/Frameworks",
				);
				MARKETING_VERSION = 1.0;
				PRODUCT_BUNDLE_IDENTIFIER = com.hwanghooo.MIHY;
				PRODUCT_NAME = "$(TARGET_NAME)";
				SWIFT_EMIT_LOC_STRINGS = YES;
				SWIFT_VERSION = 5.0;
				TARGETED_DEVICE_FAMILY = 1;
			};
			name = Release;
		};
		0EDE844928CDAE2B003B7191 /* Debug */ = {
			isa = XCBuildConfiguration;
			buildSettings = {
				ALWAYS_EMBED_SWIFT_STANDARD_LIBRARIES = YES;
				BUNDLE_LOADER = "$(TEST_HOST)";
				CODE_SIGN_STYLE = Automatic;
				CURRENT_PROJECT_VERSION = 1;
				DEVELOPMENT_TEAM = 966AMBK56G;
				GENERATE_INFOPLIST_FILE = YES;
				IPHONEOS_DEPLOYMENT_TARGET = 15.5;
				MARKETING_VERSION = 1.0;
				PRODUCT_BUNDLE_IDENTIFIER = com.hwanghooo.MIHYTests;
				PRODUCT_NAME = "$(TARGET_NAME)";
				SWIFT_EMIT_LOC_STRINGS = NO;
				SWIFT_VERSION = 5.0;
				TARGETED_DEVICE_FAMILY = "1,2";
				TEST_HOST = "$(BUILT_PRODUCTS_DIR)/MIHY.app/MIHY";
			};
			name = Debug;
		};
		0EDE844A28CDAE2B003B7191 /* Release */ = {
			isa = XCBuildConfiguration;
			buildSettings = {
				ALWAYS_EMBED_SWIFT_STANDARD_LIBRARIES = YES;
				BUNDLE_LOADER = "$(TEST_HOST)";
				CODE_SIGN_STYLE = Automatic;
				CURRENT_PROJECT_VERSION = 1;
				DEVELOPMENT_TEAM = 966AMBK56G;
				GENERATE_INFOPLIST_FILE = YES;
				IPHONEOS_DEPLOYMENT_TARGET = 15.5;
				MARKETING_VERSION = 1.0;
				PRODUCT_BUNDLE_IDENTIFIER = com.hwanghooo.MIHYTests;
				PRODUCT_NAME = "$(TARGET_NAME)";
				SWIFT_EMIT_LOC_STRINGS = NO;
				SWIFT_VERSION = 5.0;
				TARGETED_DEVICE_FAMILY = "1,2";
				TEST_HOST = "$(BUILT_PRODUCTS_DIR)/MIHY.app/MIHY";
			};
			name = Release;
		};
		0EDE844C28CDAE2B003B7191 /* Debug */ = {
			isa = XCBuildConfiguration;
			buildSettings = {
				ALWAYS_EMBED_SWIFT_STANDARD_LIBRARIES = YES;
				CODE_SIGN_STYLE = Automatic;
				CURRENT_PROJECT_VERSION = 1;
				DEVELOPMENT_TEAM = 966AMBK56G;
				GENERATE_INFOPLIST_FILE = YES;
				MARKETING_VERSION = 1.0;
				PRODUCT_BUNDLE_IDENTIFIER = com.hwanghooo.MIHYUITests;
				PRODUCT_NAME = "$(TARGET_NAME)";
				SWIFT_EMIT_LOC_STRINGS = NO;
				SWIFT_VERSION = 5.0;
				TARGETED_DEVICE_FAMILY = "1,2";
				TEST_TARGET_NAME = MIHY;
			};
			name = Debug;
		};
		0EDE844D28CDAE2B003B7191 /* Release */ = {
			isa = XCBuildConfiguration;
			buildSettings = {
				ALWAYS_EMBED_SWIFT_STANDARD_LIBRARIES = YES;
				CODE_SIGN_STYLE = Automatic;
				CURRENT_PROJECT_VERSION = 1;
				DEVELOPMENT_TEAM = 966AMBK56G;
				GENERATE_INFOPLIST_FILE = YES;
				MARKETING_VERSION = 1.0;
				PRODUCT_BUNDLE_IDENTIFIER = com.hwanghooo.MIHYUITests;
				PRODUCT_NAME = "$(TARGET_NAME)";
				SWIFT_EMIT_LOC_STRINGS = NO;
				SWIFT_VERSION = 5.0;
				TARGETED_DEVICE_FAMILY = "1,2";
				TEST_TARGET_NAME = MIHY;
			};
			name = Release;
		};
/* End XCBuildConfiguration section */

/* Begin XCConfigurationList section */
		0EDE841628CDAE27003B7191 /* Build configuration list for PBXProject "MIHY" */ = {
			isa = XCConfigurationList;
			buildConfigurations = (
				0EDE844328CDAE2B003B7191 /* Debug */,
				0EDE844428CDAE2B003B7191 /* Release */,
			);
			defaultConfigurationIsVisible = 0;
			defaultConfigurationName = Release;
		};
		0EDE844528CDAE2B003B7191 /* Build configuration list for PBXNativeTarget "MIHY" */ = {
			isa = XCConfigurationList;
			buildConfigurations = (
				0EDE844628CDAE2B003B7191 /* Debug */,
				0EDE844728CDAE2B003B7191 /* Release */,
			);
			defaultConfigurationIsVisible = 0;
			defaultConfigurationName = Release;
		};
		0EDE844828CDAE2B003B7191 /* Build configuration list for PBXNativeTarget "MIHYTests" */ = {
			isa = XCConfigurationList;
			buildConfigurations = (
				0EDE844928CDAE2B003B7191 /* Debug */,
				0EDE844A28CDAE2B003B7191 /* Release */,
			);
			defaultConfigurationIsVisible = 0;
			defaultConfigurationName = Release;
		};
		0EDE844B28CDAE2B003B7191 /* Build configuration list for PBXNativeTarget "MIHYUITests" */ = {
			isa = XCConfigurationList;
			buildConfigurations = (
				0EDE844C28CDAE2B003B7191 /* Debug */,
				0EDE844D28CDAE2B003B7191 /* Release */,
			);
			defaultConfigurationIsVisible = 0;
			defaultConfigurationName = Release;
		};
/* End XCConfigurationList section */

/* Begin XCRemoteSwiftPackageReference section */
		0EB22BFB28DD437F00E745E5 /* XCRemoteSwiftPackageReference "realm-swift" */ = {
			isa = XCRemoteSwiftPackageReference;
			repositoryURL = "https://github.com/realm/realm-swift.git";
			requirement = {
				kind = upToNextMajorVersion;
				minimumVersion = 10.30.0;
			};
		};
		0EDE848028CDBDC5003B7191 /* XCRemoteSwiftPackageReference "SWXMLHash" */ = {
			isa = XCRemoteSwiftPackageReference;
			repositoryURL = "https://github.com/drmohundro/SWXMLHash.git";
			requirement = {
				kind = upToNextMajorVersion;
				minimumVersion = 7.0.0;
			};
		};
		0EDE848628CDBFD1003B7191 /* XCRemoteSwiftPackageReference "Alamofire" */ = {
			isa = XCRemoteSwiftPackageReference;
			repositoryURL = "https://github.com/Alamofire/Alamofire";
			requirement = {
				kind = upToNextMajorVersion;
				minimumVersion = 5.0.0;
			};
		};
		0EDE849228CDFA37003B7191 /* XCRemoteSwiftPackageReference "SnapKit" */ = {
			isa = XCRemoteSwiftPackageReference;
			repositoryURL = "https://github.com/SnapKit/SnapKit.git";
			requirement = {
				kind = upToNextMajorVersion;
				minimumVersion = 5.0.0;
			};
		};
		0EFFB98F28EB2B1F009AED5D /* XCRemoteSwiftPackageReference "SkeletonView" */ = {
			isa = XCRemoteSwiftPackageReference;
			repositoryURL = "https://github.com/Juanpe/SkeletonView.git";
			requirement = {
				kind = upToNextMajorVersion;
				minimumVersion = 1.0.0;
			};
		};
/* End XCRemoteSwiftPackageReference section */

/* Begin XCSwiftPackageProductDependency section */
		0EB22BFC28DD437F00E745E5 /* Realm */ = {
			isa = XCSwiftPackageProductDependency;
			package = 0EB22BFB28DD437F00E745E5 /* XCRemoteSwiftPackageReference "realm-swift" */;
			productName = Realm;
		};
		0EB22BFE28DD437F00E745E5 /* RealmSwift */ = {
			isa = XCSwiftPackageProductDependency;
			package = 0EB22BFB28DD437F00E745E5 /* XCRemoteSwiftPackageReference "realm-swift" */;
			productName = RealmSwift;
		};
		0EDE848128CDBDC5003B7191 /* SWXMLHash */ = {
			isa = XCSwiftPackageProductDependency;
			package = 0EDE848028CDBDC5003B7191 /* XCRemoteSwiftPackageReference "SWXMLHash" */;
			productName = SWXMLHash;
		};
		0EDE848728CDBFD1003B7191 /* Alamofire */ = {
			isa = XCSwiftPackageProductDependency;
			package = 0EDE848628CDBFD1003B7191 /* XCRemoteSwiftPackageReference "Alamofire" */;
			productName = Alamofire;
		};
		0EDE849328CDFA37003B7191 /* SnapKit */ = {
			isa = XCSwiftPackageProductDependency;
			package = 0EDE849228CDFA37003B7191 /* XCRemoteSwiftPackageReference "SnapKit" */;
			productName = SnapKit;
		};
		0EFFB99028EB2B1F009AED5D /* SkeletonView */ = {
			isa = XCSwiftPackageProductDependency;
			package = 0EFFB98F28EB2B1F009AED5D /* XCRemoteSwiftPackageReference "SkeletonView" */;
			productName = SkeletonView;
		};
/* End XCSwiftPackageProductDependency section */
	};
	rootObject = 0EDE841328CDAE27003B7191 /* Project object */;
}
